
Microsoft Visual Studio Solution File, Format Version 12.00
# Visual Studio Version 16
VisualStudioVersion = 16.0.808.8
MinimumVisualStudioVersion = 10.0.40219.1
Project("{FAE04EC0-301F-11D3-BF4B-00C04F79EFBC}") = "sample.api", "integration-tests\sample.api.csproj", "{7B19C406-CC57-4D86-8519-46F41DD44865}"
EndProject
Project("{FAE04EC0-301F-11D3-BF4B-00C04F79EFBC}") = "sample.tests", "sample.tests\sample.tests.csproj", "{8A4DA11D-1E3D-4A2C-87A2-A72BB977B804}"
EndProject
Global
	GlobalSection(SolutionConfigurationPlatforms) = preSolution
		Debug|Any CPU = Debug|Any CPU
		Release|Any CPU = Release|Any CPU
	EndGlobalSection
	GlobalSection(ProjectConfigurationPlatforms) = postSolution
		{7B19C406-CC57-4D86-8519-46F41DD44865}.Debug|Any CPU.ActiveCfg = Debug|Any CPU
		{7B19C406-CC57-4D86-8519-46F41DD44865}.Debug|Any CPU.Build.0 = Debug|Any CPU
		{7B19C406-CC57-4D86-8519-46F41DD44865}.Release|Any CPU.ActiveCfg = Release|Any CPU
		{7B19C406-CC57-4D86-8519-46F41DD44865}.Release|Any CPU.Build.0 = Release|Any CPU
		{8A4DA11D-1E3D-4A2C-87A2-A72BB977B804}.Debug|Any CPU.ActiveCfg = Debug|Any CPU
		{8A4DA11D-1E3D-4A2C-87A2-A72BB977B804}.Debug|Any CPU.Build.0 = Debug|Any CPU
		{8A4DA11D-1E3D-4A2C-87A2-A72BB977B804}.Release|Any CPU.ActiveCfg = Release|Any CPU
		{8A4DA11D-1E3D-4A2C-87A2-A72BB977B804}.Release|Any CPU.Build.0 = Release|Any CPU
	EndGlobalSection
	GlobalSection(SolutionProperties) = preSolution
		HideSolutionNode = FALSE
	EndGlobalSection
	GlobalSection(ExtensibilityGlobals) = postSolution
		SolutionGuid = {FA58F416-D309-4BF0-A583-D9A67CF5F1F7}
	EndGlobalSection
EndGlobal
